// !$*UTF8*$!
{
	archiveVersion = 1;
	classes = {
	};
	objectVersion = 50;
	objects = {

/* Begin PBXBuildFile section */
		E121C4A2235E87FA0037BBE3 /* DataService.swift in Sources */ = {isa = PBXBuildFile; fileRef = E121C4A1235E87FA0037BBE3 /* DataService.swift */; };
		E121C4AA235EAF4F0037BBE3 /* ImageDownloadService.swift in Sources */ = {isa = PBXBuildFile; fileRef = E121C4A9235EAF4F0037BBE3 /* ImageDownloadService.swift */; };
		E15A1242235DF6BD00BA8478 /* AppDelegate.swift in Sources */ = {isa = PBXBuildFile; fileRef = E15A1241235DF6BD00BA8478 /* AppDelegate.swift */; };
		E15A124B235DF6C200BA8478 /* Assets.xcassets in Resources */ = {isa = PBXBuildFile; fileRef = E15A124A235DF6C200BA8478 /* Assets.xcassets */; };
		E15A124E235DF6C200BA8478 /* LaunchScreen.storyboard in Resources */ = {isa = PBXBuildFile; fileRef = E15A124C235DF6C200BA8478 /* LaunchScreen.storyboard */; };
		E15A1256235E04AB00BA8478 /* GiphyFeedViewController.swift in Sources */ = {isa = PBXBuildFile; fileRef = E15A1255235E04AB00BA8478 /* GiphyFeedViewController.swift */; };
		E15A1259235E08D000BA8478 /* GiphyImage.swift in Sources */ = {isa = PBXBuildFile; fileRef = E15A1258235E08D000BA8478 /* GiphyImage.swift */; };
		E15A127B235E0F9E00BA8478 /* SceneDelegate.swift in Sources */ = {isa = PBXBuildFile; fileRef = E15A127A235E0F9E00BA8478 /* SceneDelegate.swift */; };
		E15A127D235E156D00BA8478 /* GiphyViewPresenter.swift in Sources */ = {isa = PBXBuildFile; fileRef = E15A127C235E156D00BA8478 /* GiphyViewPresenter.swift */; };
		E15A1284235E1D4A00BA8478 /* GiphyViewControllerDataSource.swift in Sources */ = {isa = PBXBuildFile; fileRef = E15A1283235E1D4A00BA8478 /* GiphyViewControllerDataSource.swift */; };
		E15A1287235E1EBB00BA8478 /* ImageCollectionViewCell.swift in Sources */ = {isa = PBXBuildFile; fileRef = E15A1286235E1EBB00BA8478 /* ImageCollectionViewCell.swift */; };
		E1863507235EBBFD008100D0 /* Extensions.swift in Sources */ = {isa = PBXBuildFile; fileRef = E1863506235EBBFD008100D0 /* Extensions.swift */; };
/* End PBXBuildFile section */

/* Begin PBXFileReference section */
		E121C4A1235E87FA0037BBE3 /* DataService.swift */ = {isa = PBXFileReference; lastKnownFileType = sourcecode.swift; path = DataService.swift; sourceTree = "<group>"; };
		E121C4A9235EAF4F0037BBE3 /* ImageDownloadService.swift */ = {isa = PBXFileReference; lastKnownFileType = sourcecode.swift; path = ImageDownloadService.swift; sourceTree = "<group>"; };
		E15A123E235DF6BD00BA8478 /* GiphyTestTask.app */ = {isa = PBXFileReference; explicitFileType = wrapper.application; includeInIndex = 0; path = GiphyTestTask.app; sourceTree = BUILT_PRODUCTS_DIR; };
		E15A1241235DF6BD00BA8478 /* AppDelegate.swift */ = {isa = PBXFileReference; lastKnownFileType = sourcecode.swift; path = AppDelegate.swift; sourceTree = "<group>"; };
		E15A124A235DF6C200BA8478 /* Assets.xcassets */ = {isa = PBXFileReference; lastKnownFileType = folder.assetcatalog; path = Assets.xcassets; sourceTree = "<group>"; };
		E15A124D235DF6C200BA8478 /* Base */ = {isa = PBXFileReference; lastKnownFileType = file.storyboard; name = Base; path = Base.lproj/LaunchScreen.storyboard; sourceTree = "<group>"; };
		E15A124F235DF6C200BA8478 /* Info.plist */ = {isa = PBXFileReference; lastKnownFileType = text.plist.xml; path = Info.plist; sourceTree = "<group>"; };
		E15A1255235E04AB00BA8478 /* GiphyFeedViewController.swift */ = {isa = PBXFileReference; lastKnownFileType = sourcecode.swift; path = GiphyFeedViewController.swift; sourceTree = "<group>"; };
		E15A1258235E08D000BA8478 /* GiphyImage.swift */ = {isa = PBXFileReference; lastKnownFileType = sourcecode.swift; path = GiphyImage.swift; sourceTree = "<group>"; };
		E15A127A235E0F9E00BA8478 /* SceneDelegate.swift */ = {isa = PBXFileReference; fileEncoding = 4; lastKnownFileType = sourcecode.swift; path = SceneDelegate.swift; sourceTree = "<group>"; };
		E15A127C235E156D00BA8478 /* GiphyViewPresenter.swift */ = {isa = PBXFileReference; lastKnownFileType = sourcecode.swift; path = GiphyViewPresenter.swift; sourceTree = "<group>"; };
		E15A1283235E1D4A00BA8478 /* GiphyViewControllerDataSource.swift */ = {isa = PBXFileReference; lastKnownFileType = sourcecode.swift; path = GiphyViewControllerDataSource.swift; sourceTree = "<group>"; };
		E15A1286235E1EBB00BA8478 /* ImageCollectionViewCell.swift */ = {isa = PBXFileReference; lastKnownFileType = sourcecode.swift; path = ImageCollectionViewCell.swift; sourceTree = "<group>"; };
		E1863506235EBBFD008100D0 /* Extensions.swift */ = {isa = PBXFileReference; lastKnownFileType = sourcecode.swift; path = Extensions.swift; sourceTree = "<group>"; };
/* End PBXFileReference section */

/* Begin PBXFrameworksBuildPhase section */
		E15A123B235DF6BD00BA8478 /* Frameworks */ = {
			isa = PBXFrameworksBuildPhase;
			buildActionMask = 2147483647;
			files = (
			);
			runOnlyForDeploymentPostprocessing = 0;
		};
/* End PBXFrameworksBuildPhase section */

/* Begin PBXGroup section */
		E121C4A0235E87DE0037BBE3 /* Services */ = {
			isa = PBXGroup;
			children = (
				E121C4A1235E87FA0037BBE3 /* DataService.swift */,
				E121C4A9235EAF4F0037BBE3 /* ImageDownloadService.swift */,
			);
			path = Services;
			sourceTree = "<group>";
		};
		E15A1235235DF6BD00BA8478 = {
			isa = PBXGroup;
			children = (
				E15A1240235DF6BD00BA8478 /* GiphyTestTask */,
				E15A123F235DF6BD00BA8478 /* Products */,
			);
			sourceTree = "<group>";
		};
		E15A123F235DF6BD00BA8478 /* Products */ = {
			isa = PBXGroup;
			children = (
				E15A123E235DF6BD00BA8478 /* GiphyTestTask.app */,
			);
			name = Products;
			sourceTree = "<group>";
		};
		E15A1240235DF6BD00BA8478 /* GiphyTestTask */ = {
			isa = PBXGroup;
			children = (
				E1863505235EBBE4008100D0 /* Extensions */,
				E121C4A0235E87DE0037BBE3 /* Services */,
				E15A1281235E1CD100BA8478 /* Presenters */,
				E15A127E235E192D00BA8478 /* Views */,
				E15A1282235E1D1800BA8478 /* DataSources */,
				E15A1257235E08A600BA8478 /* Models */,
				E15A1241235DF6BD00BA8478 /* AppDelegate.swift */,
				E15A127A235E0F9E00BA8478 /* SceneDelegate.swift */,
				E15A124A235DF6C200BA8478 /* Assets.xcassets */,
				E15A124C235DF6C200BA8478 /* LaunchScreen.storyboard */,
				E15A124F235DF6C200BA8478 /* Info.plist */,
			);
			path = GiphyTestTask;
			sourceTree = "<group>";
		};
		E15A1257235E08A600BA8478 /* Models */ = {
			isa = PBXGroup;
			children = (
				E15A1258235E08D000BA8478 /* GiphyImage.swift */,
			);
			path = Models;
			sourceTree = "<group>";
		};
		E15A127E235E192D00BA8478 /* Views */ = {
			isa = PBXGroup;
			children = (
				E15A127F235E193500BA8478 /* GiphyFeedViews */,
			);
			path = Views;
			sourceTree = "<group>";
		};
		E15A127F235E193500BA8478 /* GiphyFeedViews */ = {
			isa = PBXGroup;
			children = (
				E15A1285235E1EA100BA8478 /* CollectionCells */,
				E15A1280235E1C7E00BA8478 /* Subviews */,
				E15A1255235E04AB00BA8478 /* GiphyFeedViewController.swift */,
			);
			path = GiphyFeedViews;
			sourceTree = "<group>";
		};
		E15A1280235E1C7E00BA8478 /* Subviews */ = {
			isa = PBXGroup;
			children = (
			);
			path = Subviews;
			sourceTree = "<group>";
		};
		E15A1281235E1CD100BA8478 /* Presenters */ = {
			isa = PBXGroup;
			children = (
				E15A127C235E156D00BA8478 /* GiphyViewPresenter.swift */,
			);
			path = Presenters;
			sourceTree = "<group>";
		};
		E15A1282235E1D1800BA8478 /* DataSources */ = {
			isa = PBXGroup;
			children = (
				E15A1283235E1D4A00BA8478 /* GiphyViewControllerDataSource.swift */,
			);
			path = DataSources;
			sourceTree = "<group>";
		};
		E15A1285235E1EA100BA8478 /* CollectionCells */ = {
			isa = PBXGroup;
			children = (
				E15A1286235E1EBB00BA8478 /* ImageCollectionViewCell.swift */,
			);
			path = CollectionCells;
			sourceTree = "<group>";
		};
		E1863505235EBBE4008100D0 /* Extensions */ = {
			isa = PBXGroup;
			children = (
				E1863506235EBBFD008100D0 /* Extensions.swift */,
			);
			path = Extensions;
			sourceTree = "<group>";
		};
/* End PBXGroup section */

/* Begin PBXNativeTarget section */
		E15A123D235DF6BD00BA8478 /* GiphyTestTask */ = {
			isa = PBXNativeTarget;
			buildConfigurationList = E15A1252235DF6C200BA8478 /* Build configuration list for PBXNativeTarget "GiphyTestTask" */;
			buildPhases = (
				E15A123A235DF6BD00BA8478 /* Sources */,
				E15A123B235DF6BD00BA8478 /* Frameworks */,
				E15A123C235DF6BD00BA8478 /* Resources */,
			);
			buildRules = (
			);
			dependencies = (
			);
			name = GiphyTestTask;
			productName = GiphyTestTask;
			productReference = E15A123E235DF6BD00BA8478 /* GiphyTestTask.app */;
			productType = "com.apple.product-type.application";
		};
/* End PBXNativeTarget section */

/* Begin PBXProject section */
		E15A1236235DF6BD00BA8478 /* Project object */ = {
			isa = PBXProject;
			attributes = {
				LastSwiftUpdateCheck = 1110;
				LastUpgradeCheck = 1110;
				ORGANIZATIONNAME = Daniil;
				TargetAttributes = {
					E15A123D235DF6BD00BA8478 = {
						CreatedOnToolsVersion = 11.1;
					};
				};
			};
			buildConfigurationList = E15A1239235DF6BD00BA8478 /* Build configuration list for PBXProject "GiphyTestTask" */;
			compatibilityVersion = "Xcode 9.3";
			developmentRegion = en;
			hasScannedForEncodings = 0;
			knownRegions = (
				en,
				Base,
			);
			mainGroup = E15A1235235DF6BD00BA8478;
			productRefGroup = E15A123F235DF6BD00BA8478 /* Products */;
			projectDirPath = "";
			projectRoot = "";
			targets = (
				E15A123D235DF6BD00BA8478 /* GiphyTestTask */,
			);
		};
/* End PBXProject section */

/* Begin PBXResourcesBuildPhase section */
		E15A123C235DF6BD00BA8478 /* Resources */ = {
			isa = PBXResourcesBuildPhase;
			buildActionMask = 2147483647;
			files = (
				E15A124E235DF6C200BA8478 /* LaunchScreen.storyboard in Resources */,
				E15A124B235DF6C200BA8478 /* Assets.xcassets in Resources */,
			);
			runOnlyForDeploymentPostprocessing = 0;
		};
/* End PBXResourcesBuildPhase section */

/* Begin PBXSourcesBuildPhase section */
		E15A123A235DF6BD00BA8478 /* Sources */ = {
			isa = PBXSourcesBuildPhase;
			buildActionMask = 2147483647;
			files = (
				E15A1256235E04AB00BA8478 /* GiphyFeedViewController.swift in Sources */,
				E15A1242235DF6BD00BA8478 /* AppDelegate.swift in Sources */,
				E15A127D235E156D00BA8478 /* GiphyViewPresenter.swift in Sources */,
				E15A1287235E1EBB00BA8478 /* ImageCollectionViewCell.swift in Sources */,
				E121C4AA235EAF4F0037BBE3 /* ImageDownloadService.swift in Sources */,
				E1863507235EBBFD008100D0 /* Extensions.swift in Sources */,
				E15A1259235E08D000BA8478 /* GiphyImage.swift in Sources */,
				E15A127B235E0F9E00BA8478 /* SceneDelegate.swift in Sources */,
				E15A1284235E1D4A00BA8478 /* GiphyViewControllerDataSource.swift in Sources */,
				E121C4A2235E87FA0037BBE3 /* DataService.swift in Sources */,
			);
			runOnlyForDeploymentPostprocessing = 0;
		};
/* End PBXSourcesBuildPhase section */

/* Begin PBXVariantGroup section */
		E15A124C235DF6C200BA8478 /* LaunchScreen.storyboard */ = {
			isa = PBXVariantGroup;
			children = (
				E15A124D235DF6C200BA8478 /* Base */,
			);
			name = LaunchScreen.storyboard;
			sourceTree = "<group>";
		};
/* End PBXVariantGroup section */

/* Begin XCBuildConfiguration section */
		E15A1250235DF6C200BA8478 /* Debug */ = {
			isa = XCBuildConfiguration;
			buildSettings = {
				ALWAYS_SEARCH_USER_PATHS = NO;
				CLANG_ANALYZER_NONNULL = YES;
				CLANG_ANALYZER_NUMBER_OBJECT_CONVERSION = YES_AGGRESSIVE;
				CLANG_CXX_LANGUAGE_STANDARD = "gnu++14";
				CLANG_CXX_LIBRARY = "libc++";
				CLANG_ENABLE_MODULES = YES;
				CLANG_ENABLE_OBJC_ARC = YES;
				CLANG_ENABLE_OBJC_WEAK = YES;
				CLANG_WARN_BLOCK_CAPTURE_AUTORELEASING = YES;
				CLANG_WARN_BOOL_CONVERSION = YES;
				CLANG_WARN_COMMA = YES;
				CLANG_WARN_CONSTANT_CONVERSION = YES;
				CLANG_WARN_DEPRECATED_OBJC_IMPLEMENTATIONS = YES;
				CLANG_WARN_DIRECT_OBJC_ISA_USAGE = YES_ERROR;
				CLANG_WARN_DOCUMENTATION_COMMENTS = YES;
				CLANG_WARN_EMPTY_BODY = YES;
				CLANG_WARN_ENUM_CONVERSION = YES;
				CLANG_WARN_INFINITE_RECURSION = YES;
				CLANG_WARN_INT_CONVERSION = YES;
				CLANG_WARN_NON_LITERAL_NULL_CONVERSION = YES;
				CLANG_WARN_OBJC_IMPLICIT_RETAIN_SELF = YES;
				CLANG_WARN_OBJC_LITERAL_CONVERSION = YES;
				CLANG_WARN_OBJC_ROOT_CLASS = YES_ERROR;
				CLANG_WARN_RANGE_LOOP_ANALYSIS = YES;
				CLANG_WARN_STRICT_PROTOTYPES = YES;
				CLANG_WARN_SUSPICIOUS_MOVE = YES;
				CLANG_WARN_UNGUARDED_AVAILABILITY = YES_AGGRESSIVE;
				CLANG_WARN_UNREACHABLE_CODE = YES;
				CLANG_WARN__DUPLICATE_METHOD_MATCH = YES;
				COPY_PHASE_STRIP = NO;
				DEBUG_INFORMATION_FORMAT = dwarf;
				ENABLE_STRICT_OBJC_MSGSEND = YES;
				ENABLE_TESTABILITY = YES;
				GCC_C_LANGUAGE_STANDARD = gnu11;
				GCC_DYNAMIC_NO_PIC = NO;
				GCC_NO_COMMON_BLOCKS = YES;
				GCC_OPTIMIZATION_LEVEL = 0;
				GCC_PREPROCESSOR_DEFINITIONS = (
					"DEBUG=1",
					"$(inherited)",
				);
				GCC_WARN_64_TO_32_BIT_CONVERSION = YES;
				GCC_WARN_ABOUT_RETURN_TYPE = YES_ERROR;
				GCC_WARN_UNDECLARED_SELECTOR = YES;
				GCC_WARN_UNINITIALIZED_AUTOS = YES_AGGRESSIVE;
				GCC_WARN_UNUSED_FUNCTION = YES;
				GCC_WARN_UNUSED_VARIABLE = YES;
				IPHONEOS_DEPLOYMENT_TARGET = 13.1;
				MTL_ENABLE_DEBUG_INFO = INCLUDE_SOURCE;
				MTL_FAST_MATH = YES;
				ONLY_ACTIVE_ARCH = YES;
				SDKROOT = iphoneos;
				SWIFT_ACTIVE_COMPILATION_CONDITIONS = DEBUG;
				SWIFT_OPTIMIZATION_LEVEL = "-Onone";
			};
			name = Debug;
		};
		E15A1251235DF6C200BA8478 /* Release */ = {
			isa = XCBuildConfiguration;
			buildSettings = {
				ALWAYS_SEARCH_USER_PATHS = NO;
				CLANG_ANALYZER_NONNULL = YES;
				CLANG_ANALYZER_NUMBER_OBJECT_CONVERSION = YES_AGGRESSIVE;
				CLANG_CXX_LANGUAGE_STANDARD = "gnu++14";
				CLANG_CXX_LIBRARY = "libc++";
				CLANG_ENABLE_MODULES = YES;
				CLANG_ENABLE_OBJC_ARC = YES;
				CLANG_ENABLE_OBJC_WEAK = YES;
				CLANG_WARN_BLOCK_CAPTURE_AUTORELEASING = YES;
				CLANG_WARN_BOOL_CONVERSION = YES;
				CLANG_WARN_COMMA = YES;
				CLANG_WARN_CONSTANT_CONVERSION = YES;
				CLANG_WARN_DEPRECATED_OBJC_IMPLEMENTATIONS = YES;
				CLANG_WARN_DIRECT_OBJC_ISA_USAGE = YES_ERROR;
				CLANG_WARN_DOCUMENTATION_COMMENTS = YES;
				CLANG_WARN_EMPTY_BODY = YES;
				CLANG_WARN_ENUM_CONVERSION = YES;
				CLANG_WARN_INFINITE_RECURSION = YES;
				CLANG_WARN_INT_CONVERSION = YES;
				CLANG_WARN_NON_LITERAL_NULL_CONVERSION = YES;
				CLANG_WARN_OBJC_IMPLICIT_RETAIN_SELF = YES;
				CLANG_WARN_OBJC_LITERAL_CONVERSION = YES;
				CLANG_WARN_OBJC_ROOT_CLASS = YES_ERROR;
				CLANG_WARN_RANGE_LOOP_ANALYSIS = YES;
				CLANG_WARN_STRICT_PROTOTYPES = YES;
				CLANG_WARN_SUSPICIOUS_MOVE = YES;
				CLANG_WARN_UNGUARDED_AVAILABILITY = YES_AGGRESSIVE;
				CLANG_WARN_UNREACHABLE_CODE = YES;
				CLANG_WARN__DUPLICATE_METHOD_MATCH = YES;
				COPY_PHASE_STRIP = NO;
				DEBUG_INFORMATION_FORMAT = "dwarf-with-dsym";
				ENABLE_NS_ASSERTIONS = NO;
				ENABLE_STRICT_OBJC_MSGSEND = YES;
				GCC_C_LANGUAGE_STANDARD = gnu11;
				GCC_NO_COMMON_BLOCKS = YES;
				GCC_WARN_64_TO_32_BIT_CONVERSION = YES;
				GCC_WARN_ABOUT_RETURN_TYPE = YES_ERROR;
				GCC_WARN_UNDECLARED_SELECTOR = YES;
				GCC_WARN_UNINITIALIZED_AUTOS = YES_AGGRESSIVE;
				GCC_WARN_UNUSED_FUNCTION = YES;
				GCC_WARN_UNUSED_VARIABLE = YES;
				IPHONEOS_DEPLOYMENT_TARGET = 13.1;
				MTL_ENABLE_DEBUG_INFO = NO;
				MTL_FAST_MATH = YES;
				SDKROOT = iphoneos;
				SWIFT_COMPILATION_MODE = wholemodule;
				SWIFT_OPTIMIZATION_LEVEL = "-O";
				VALIDATE_PRODUCT = YES;
			};
			name = Release;
		};
		E15A1253235DF6C200BA8478 /* Debug */ = {
			isa = XCBuildConfiguration;
			buildSettings = {
				ASSETCATALOG_COMPILER_APPICON_NAME = AppIcon;
				CODE_SIGN_STYLE = Automatic;
				DEVELOPMENT_TEAM = ECB249Q5JR;
				INFOPLIST_FILE = GiphyTestTask/Info.plist;
				LD_RUNPATH_SEARCH_PATHS = (
					"$(inherited)",
					"@executable_path/Frameworks",
				);
				PRODUCT_BUNDLE_IDENTIFIER = com.DaniilOnishchenko.GiphyTestTask;
				PRODUCT_NAME = "$(TARGET_NAME)";
				SWIFT_VERSION = 5.0;
				TARGETED_DEVICE_FAMILY = "1,2";
			};
			name = Debug;
		};
		E15A1254235DF6C200BA8478 /* Release */ = {
			isa = XCBuildConfiguration;
			buildSettings = {
				ASSETCATALOG_COMPILER_APPICON_NAME = AppIcon;
				CODE_SIGN_STYLE = Automatic;
				DEVELOPMENT_TEAM = ECB249Q5JR;
				INFOPLIST_FILE = GiphyTestTask/Info.plist;
				LD_RUNPATH_SEARCH_PATHS = (
					"$(inherited)",
					"@executable_path/Frameworks",
				);
				PRODUCT_BUNDLE_IDENTIFIER = com.DaniilOnishchenko.GiphyTestTask;
				PRODUCT_NAME = "$(TARGET_NAME)";
				SWIFT_VERSION = 5.0;
				TARGETED_DEVICE_FAMILY = "1,2";
			};
			name = Release;
		};
/* End XCBuildConfiguration section */

/* Begin XCConfigurationList section */
		E15A1239235DF6BD00BA8478 /* Build configuration list for PBXProject "GiphyTestTask" */ = {
			isa = XCConfigurationList;
			buildConfigurations = (
				E15A1250235DF6C200BA8478 /* Debug */,
				E15A1251235DF6C200BA8478 /* Release */,
			);
			defaultConfigurationIsVisible = 0;
			defaultConfigurationName = Release;
		};
		E15A1252235DF6C200BA8478 /* Build configuration list for PBXNativeTarget "GiphyTestTask" */ = {
			isa = XCConfigurationList;
			buildConfigurations = (
				E15A1253235DF6C200BA8478 /* Debug */,
				E15A1254235DF6C200BA8478 /* Release */,
			);
			defaultConfigurationIsVisible = 0;
			defaultConfigurationName = Release;
		};
/* End XCConfigurationList section */
	};
	rootObject = E15A1236235DF6BD00BA8478 /* Project object */;
}
